
Microsoft Visual Studio Solution File, Format Version 12.00
# Visual Studio Version 17
VisualStudioVersion = 17.6.33927.249
MinimumVisualStudioVersion = 10.0.40219.1
Project("{2150E333-8FDC-42A3-9474-1A3956D46DE8}") = "Solution Items", "Solution Items", "{74B36D3C-B87C-457B-A6EE-3CE99BB66DC3}"
	ProjectSection(SolutionItems) = preProject
		SaturdayMP.XPlugins.iOS.BEMCheckBox.nuspec = SaturdayMP.XPlugins.iOS.BEMCheckBox.nuspec
	EndProjectSection
EndProject
Project("{FAE04EC0-301F-11D3-BF4B-00C04F79EFBC}") = "SaturdayMP.XPlugins.iOS.BEMCheckBox", "SaturdayMP.XPlugins.iOS.BEMCheckBox\SaturdayMP.XPlugins.iOS.BEMCheckBox.csproj", "{7D869E1B-E2AA-4ED0-A72B-E947E021350E}"
EndProject
Project("{FAE04EC0-301F-11D3-BF4B-00C04F79EFBC}") = "ExampleClient", "ExampleClient\ExampleClient.csproj", "{10E71936-116D-4EEA-9E47-245A7442BBCA}"
EndProject
Global
	GlobalSection(SolutionConfigurationPlatforms) = preSolution
		Ad-Hoc|Any CPU = Ad-Hoc|Any CPU
		Ad-Hoc|iPhone = Ad-Hoc|iPhone
		Ad-Hoc|iPhoneSimulator = Ad-Hoc|iPhoneSimulator
		AppStore|Any CPU = AppStore|Any CPU
		AppStore|iPhone = AppStore|iPhone
		AppStore|iPhoneSimulator = AppStore|iPhoneSimulator
		Debug|Any CPU = Debug|Any CPU
		Debug|iPhone = Debug|iPhone
		Debug|iPhoneSimulator = Debug|iPhoneSimulator
		Release|Any CPU = Release|Any CPU
		Release|iPhone = Release|iPhone
		Release|iPhoneSimulator = Release|iPhoneSimulator
	EndGlobalSection
	GlobalSection(ProjectConfigurationPlatforms) = postSolution
		{7D869E1B-E2AA-4ED0-A72B-E947E021350E}.Ad-Hoc|Any CPU.ActiveCfg = Debug|Any CPU
		{7D869E1B-E2AA-4ED0-A72B-E947E021350E}.Ad-Hoc|Any CPU.Build.0 = Debug|Any CPU
		{7D869E1B-E2AA-4ED0-A72B-E947E021350E}.Ad-Hoc|iPhone.ActiveCfg = Debug|Any CPU
		{7D869E1B-E2AA-4ED0-A72B-E947E021350E}.Ad-Hoc|iPhone.Build.0 = Debug|Any CPU
		{7D869E1B-E2AA-4ED0-A72B-E947E021350E}.Ad-Hoc|iPhoneSimulator.ActiveCfg = Debug|Any CPU
		{7D869E1B-E2AA-4ED0-A72B-E947E021350E}.Ad-Hoc|iPhoneSimulator.Build.0 = Debug|Any CPU
		{7D869E1B-E2AA-4ED0-A72B-E947E021350E}.AppStore|Any CPU.ActiveCfg = Debug|Any CPU
		{7D869E1B-E2AA-4ED0-A72B-E947E021350E}.AppStore|Any CPU.Build.0 = Debug|Any CPU
		{7D869E1B-E2AA-4ED0-A72B-E947E021350E}.AppStore|iPhone.ActiveCfg = Debug|Any CPU
		{7D869E1B-E2AA-4ED0-A72B-E947E021350E}.AppStore|iPhone.Build.0 = Debug|Any CPU
		{7D869E1B-E2AA-4ED0-A72B-E947E021350E}.AppStore|iPhoneSimulator.ActiveCfg = Debug|Any CPU
		{7D869E1B-E2AA-4ED0-A72B-E947E021350E}.AppStore|iPhoneSimulator.Build.0 = Debug|Any CPU
		{7D869E1B-E2AA-4ED0-A72B-E947E021350E}.Debug|Any CPU.ActiveCfg = Debug|Any CPU
		{7D869E1B-E2AA-4ED0-A72B-E947E021350E}.Debug|Any CPU.Build.0 = Debug|Any CPU
		{7D869E1B-E2AA-4ED0-A72B-E947E021350E}.Debug|iPhone.ActiveCfg = Debug|Any CPU
		{7D869E1B-E2AA-4ED0-A72B-E947E021350E}.Debug|iPhone.Build.0 = Debug|Any CPU
		{7D869E1B-E2AA-4ED0-A72B-E947E021350E}.Debug|iPhoneSimulator.ActiveCfg = Debug|Any CPU
		{7D869E1B-E2AA-4ED0-A72B-E947E021350E}.Debug|iPhoneSimulator.Build.0 = Debug|Any CPU
		{7D869E1B-E2AA-4ED0-A72B-E947E021350E}.Release|Any CPU.ActiveCfg = Release|Any CPU
		{7D869E1B-E2AA-4ED0-A72B-E947E021350E}.Release|Any CPU.Build.0 = Release|Any CPU
		{7D869E1B-E2AA-4ED0-A72B-E947E021350E}.Release|iPhone.ActiveCfg = Release|Any CPU
		{7D869E1B-E2AA-4ED0-A72B-E947E021350E}.Release|iPhone.Build.0 = Release|Any CPU
		{7D869E1B-E2AA-4ED0-A72B-E947E021350E}.Release|iPhoneSimulator.ActiveCfg = Release|Any CPU
		{7D869E1B-E2AA-4ED0-A72B-E947E021350E}.Release|iPhoneSimulator.Build.0 = Release|Any CPU
		{10E71936-116D-4EEA-9E47-245A7442BBCA}.Ad-Hoc|Any CPU.ActiveCfg = Debug|Any CPU
		{10E71936-116D-4EEA-9E47-245A7442BBCA}.Ad-Hoc|Any CPU.Build.0 = Debug|Any CPU
		{10E71936-116D-4EEA-9E47-245A7442BBCA}.Ad-Hoc|iPhone.ActiveCfg = Debug|Any CPU
		{10E71936-116D-4EEA-9E47-245A7442BBCA}.Ad-Hoc|iPhone.Build.0 = Debug|Any CPU
		{10E71936-116D-4EEA-9E47-245A7442BBCA}.Ad-Hoc|iPhoneSimulator.ActiveCfg = Debug|Any CPU
		{10E71936-116D-4EEA-9E47-245A7442BBCA}.Ad-Hoc|iPhoneSimulator.Build.0 = Debug|Any CPU
		{10E71936-116D-4EEA-9E47-245A7442BBCA}.AppStore|Any CPU.ActiveCfg = Debug|Any CPU
		{10E71936-116D-4EEA-9E47-245A7442BBCA}.AppStore|Any CPU.Build.0 = Debug|Any CPU
		{10E71936-116D-4EEA-9E47-245A7442BBCA}.AppStore|iPhone.ActiveCfg = Debug|Any CPU
		{10E71936-116D-4EEA-9E47-245A7442BBCA}.AppStore|iPhone.Build.0 = Debug|Any CPU
		{10E71936-116D-4EEA-9E47-245A7442BBCA}.AppStore|iPhoneSimulator.ActiveCfg = Debug|Any CPU
		{10E71936-116D-4EEA-9E47-245A7442BBCA}.AppStore|iPhoneSimulator.Build.0 = Debug|Any CPU
		{10E71936-116D-4EEA-9E47-245A7442BBCA}.Debug|Any CPU.ActiveCfg = Debug|Any CPU
		{10E71936-116D-4EEA-9E47-245A7442BBCA}.Debug|Any CPU.Build.0 = Debug|Any CPU
		{10E71936-116D-4EEA-9E47-245A7442BBCA}.Debug|iPhone.ActiveCfg = Debug|Any CPU
		{10E71936-116D-4EEA-9E47-245A7442BBCA}.Debug|iPhone.Build.0 = Debug|Any CPU
		{10E71936-116D-4EEA-9E47-245A7442BBCA}.Debug|iPhoneSimulator.ActiveCfg = Debug|Any CPU
		{10E71936-116D-4EEA-9E47-245A7442BBCA}.Debug|iPhoneSimulator.Build.0 = Debug|Any CPU
		{10E71936-116D-4EEA-9E47-245A7442BBCA}.Release|Any CPU.ActiveCfg = Release|Any CPU
		{10E71936-116D-4EEA-9E47-245A7442BBCA}.Release|Any CPU.Build.0 = Release|Any CPU
		{10E71936-116D-4EEA-9E47-245A7442BBCA}.Release|iPhone.ActiveCfg = Release|Any CPU
		{10E71936-116D-4EEA-9E47-245A7442BBCA}.Release|iPhone.Build.0 = Release|Any CPU
		{10E71936-116D-4EEA-9E47-245A7442BBCA}.Release|iPhoneSimulator.ActiveCfg = Release|Any CPU
		{10E71936-116D-4EEA-9E47-245A7442BBCA}.Release|iPhoneSimulator.Build.0 = Release|Any CPU
	EndGlobalSection
	GlobalSection(SolutionProperties) = preSolution
		HideSolutionNode = FALSE
	EndGlobalSection
	GlobalSection(ExtensibilityGlobals) = postSolution
		SolutionGuid = {CBDA8A0C-8CAE-4CB2-B4C4-6F439D93D180}
	EndGlobalSection
EndGlobal
