
Microsoft Visual Studio Solution File, Format Version 12.00
# Visual Studio Version 17
VisualStudioVersion = 17.6.33927.249
MinimumVisualStudioVersion = 10.0.40219.1
Project("{2150E333-8FDC-42A3-9474-1A3956D46DE8}") = "Solution Items", "Solution Items", "{74B36D3C-B87C-457B-A6EE-3CE99BB66DC3}"
	ProjectSection(SolutionItems) = preProject
		SaturdayMP.XPlugins.iOS.BEMCheckBox.nuspec = SaturdayMP.XPlugins.iOS.BEMCheckBox.nuspec
	EndProjectSection
EndProject
Project("{FAE04EC0-301F-11D3-BF4B-00C04F79EFBC}") = "SaturdayMP.XPlugins.iOS.BEMCheckBox", "SaturdayMP.XPlugins.iOS.BEMCheckBox\SaturdayMP.XPlugins.iOS.BEMCheckBox.csproj", "{A67A5942-BBBB-4D76-995C-B65B9777EBC7}"
EndProject
Project("{FAE04EC0-301F-11D3-BF4B-00C04F79EFBC}") = "ExampleClient", "ExampleClient\ExampleClient.csproj", "{059DEAF1-9E32-4EBB-98DE-ED01BEC31687}"
EndProject
Global
	GlobalSection(SolutionConfigurationPlatforms) = preSolution
		Ad-Hoc|Any CPU = Ad-Hoc|Any CPU
		Ad-Hoc|iPhone = Ad-Hoc|iPhone
		Ad-Hoc|iPhoneSimulator = Ad-Hoc|iPhoneSimulator
		AppStore|Any CPU = AppStore|Any CPU
		AppStore|iPhone = AppStore|iPhone
		AppStore|iPhoneSimulator = AppStore|iPhoneSimulator
		Debug|Any CPU = Debug|Any CPU
		Debug|iPhone = Debug|iPhone
		Debug|iPhoneSimulator = Debug|iPhoneSimulator
		Release|Any CPU = Release|Any CPU
		Release|iPhone = Release|iPhone
		Release|iPhoneSimulator = Release|iPhoneSimulator
	EndGlobalSection
	GlobalSection(ProjectConfigurationPlatforms) = postSolution
		{A67A5942-BBBB-4D76-995C-B65B9777EBC7}.Ad-Hoc|Any CPU.ActiveCfg = Debug|Any CPU
		{A67A5942-BBBB-4D76-995C-B65B9777EBC7}.Ad-Hoc|Any CPU.Build.0 = Debug|Any CPU
		{A67A5942-BBBB-4D76-995C-B65B9777EBC7}.Ad-Hoc|iPhone.ActiveCfg = Debug|Any CPU
		{A67A5942-BBBB-4D76-995C-B65B9777EBC7}.Ad-Hoc|iPhone.Build.0 = Debug|Any CPU
		{A67A5942-BBBB-4D76-995C-B65B9777EBC7}.Ad-Hoc|iPhoneSimulator.ActiveCfg = Debug|Any CPU
		{A67A5942-BBBB-4D76-995C-B65B9777EBC7}.Ad-Hoc|iPhoneSimulator.Build.0 = Debug|Any CPU
		{A67A5942-BBBB-4D76-995C-B65B9777EBC7}.AppStore|Any CPU.ActiveCfg = Debug|Any CPU
		{A67A5942-BBBB-4D76-995C-B65B9777EBC7}.AppStore|Any CPU.Build.0 = Debug|Any CPU
		{A67A5942-BBBB-4D76-995C-B65B9777EBC7}.AppStore|iPhone.ActiveCfg = Debug|Any CPU
		{A67A5942-BBBB-4D76-995C-B65B9777EBC7}.AppStore|iPhone.Build.0 = Debug|Any CPU
		{A67A5942-BBBB-4D76-995C-B65B9777EBC7}.AppStore|iPhoneSimulator.ActiveCfg = Debug|Any CPU
		{A67A5942-BBBB-4D76-995C-B65B9777EBC7}.AppStore|iPhoneSimulator.Build.0 = Debug|Any CPU
		{A67A5942-BBBB-4D76-995C-B65B9777EBC7}.Debug|Any CPU.ActiveCfg = Debug|Any CPU
		{A67A5942-BBBB-4D76-995C-B65B9777EBC7}.Debug|Any CPU.Build.0 = Debug|Any CPU
		{A67A5942-BBBB-4D76-995C-B65B9777EBC7}.Debug|iPhone.ActiveCfg = Debug|Any CPU
		{A67A5942-BBBB-4D76-995C-B65B9777EBC7}.Debug|iPhone.Build.0 = Debug|Any CPU
		{A67A5942-BBBB-4D76-995C-B65B9777EBC7}.Debug|iPhoneSimulator.ActiveCfg = Debug|Any CPU
		{A67A5942-BBBB-4D76-995C-B65B9777EBC7}.Debug|iPhoneSimulator.Build.0 = Debug|Any CPU
		{A67A5942-BBBB-4D76-995C-B65B9777EBC7}.Release|Any CPU.ActiveCfg = Release|Any CPU
		{A67A5942-BBBB-4D76-995C-B65B9777EBC7}.Release|Any CPU.Build.0 = Release|Any CPU
		{A67A5942-BBBB-4D76-995C-B65B9777EBC7}.Release|iPhone.ActiveCfg = Release|Any CPU
		{A67A5942-BBBB-4D76-995C-B65B9777EBC7}.Release|iPhone.Build.0 = Release|Any CPU
		{A67A5942-BBBB-4D76-995C-B65B9777EBC7}.Release|iPhoneSimulator.ActiveCfg = Release|Any CPU
		{A67A5942-BBBB-4D76-995C-B65B9777EBC7}.Release|iPhoneSimulator.Build.0 = Release|Any CPU
		{059DEAF1-9E32-4EBB-98DE-ED01BEC31687}.Ad-Hoc|Any CPU.ActiveCfg = Debug|iPhoneSimulator
		{059DEAF1-9E32-4EBB-98DE-ED01BEC31687}.Ad-Hoc|Any CPU.Build.0 = Debug|iPhoneSimulator
		{059DEAF1-9E32-4EBB-98DE-ED01BEC31687}.Ad-Hoc|iPhone.ActiveCfg = Debug|iPhone
		{059DEAF1-9E32-4EBB-98DE-ED01BEC31687}.Ad-Hoc|iPhone.Build.0 = Debug|iPhone
		{059DEAF1-9E32-4EBB-98DE-ED01BEC31687}.Ad-Hoc|iPhoneSimulator.ActiveCfg = Debug|iPhoneSimulator
		{059DEAF1-9E32-4EBB-98DE-ED01BEC31687}.Ad-Hoc|iPhoneSimulator.Build.0 = Debug|iPhoneSimulator
		{059DEAF1-9E32-4EBB-98DE-ED01BEC31687}.AppStore|Any CPU.ActiveCfg = Debug|iPhoneSimulator
		{059DEAF1-9E32-4EBB-98DE-ED01BEC31687}.AppStore|Any CPU.Build.0 = Debug|iPhoneSimulator
		{059DEAF1-9E32-4EBB-98DE-ED01BEC31687}.AppStore|iPhone.ActiveCfg = Debug|iPhone
		{059DEAF1-9E32-4EBB-98DE-ED01BEC31687}.AppStore|iPhone.Build.0 = Debug|iPhone
		{059DEAF1-9E32-4EBB-98DE-ED01BEC31687}.AppStore|iPhoneSimulator.ActiveCfg = Debug|iPhoneSimulator
		{059DEAF1-9E32-4EBB-98DE-ED01BEC31687}.AppStore|iPhoneSimulator.Build.0 = Debug|iPhoneSimulator
		{059DEAF1-9E32-4EBB-98DE-ED01BEC31687}.Debug|Any CPU.ActiveCfg = Debug|iPhoneSimulator
		{059DEAF1-9E32-4EBB-98DE-ED01BEC31687}.Debug|Any CPU.Build.0 = Debug|iPhoneSimulator
		{059DEAF1-9E32-4EBB-98DE-ED01BEC31687}.Debug|iPhone.ActiveCfg = Debug|iPhone
		{059DEAF1-9E32-4EBB-98DE-ED01BEC31687}.Debug|iPhone.Build.0 = Debug|iPhone
		{059DEAF1-9E32-4EBB-98DE-ED01BEC31687}.Debug|iPhoneSimulator.ActiveCfg = Debug|iPhoneSimulator
		{059DEAF1-9E32-4EBB-98DE-ED01BEC31687}.Debug|iPhoneSimulator.Build.0 = Debug|iPhoneSimulator
		{059DEAF1-9E32-4EBB-98DE-ED01BEC31687}.Release|Any CPU.ActiveCfg = Release|iPhoneSimulator
		{059DEAF1-9E32-4EBB-98DE-ED01BEC31687}.Release|Any CPU.Build.0 = Release|iPhoneSimulator
		{059DEAF1-9E32-4EBB-98DE-ED01BEC31687}.Release|iPhone.ActiveCfg = Release|iPhone
		{059DEAF1-9E32-4EBB-98DE-ED01BEC31687}.Release|iPhone.Build.0 = Release|iPhone
		{059DEAF1-9E32-4EBB-98DE-ED01BEC31687}.Release|iPhoneSimulator.ActiveCfg = Release|iPhoneSimulator
		{059DEAF1-9E32-4EBB-98DE-ED01BEC31687}.Release|iPhoneSimulator.Build.0 = Release|iPhoneSimulator
	EndGlobalSection
	GlobalSection(SolutionProperties) = preSolution
		HideSolutionNode = FALSE
	EndGlobalSection
	GlobalSection(ExtensibilityGlobals) = postSolution
		SolutionGuid = {CBDA8A0C-8CAE-4CB2-B4C4-6F439D93D180}
	EndGlobalSection
EndGlobal
